// !$*UTF8*$!
{
	archiveVersion = 1;
	classes = {
	};
	objectVersion = 50;
	objects = {

/* Begin PBXBuildFile section */
		16B3F037218D920500778B19 /* AppDelegate.swift in Sources */ = {isa = PBXBuildFile; fileRef = 16B3F036218D920500778B19 /* AppDelegate.swift */; };
		16B3F039218D920500778B19 /* ViewController.swift in Sources */ = {isa = PBXBuildFile; fileRef = 16B3F038218D920500778B19 /* ViewController.swift */; };
		16B3F03C218D920500778B19 /* Main.storyboard in Resources */ = {isa = PBXBuildFile; fileRef = 16B3F03A218D920500778B19 /* Main.storyboard */; };
		16B3F03E218D920600778B19 /* Assets.xcassets in Resources */ = {isa = PBXBuildFile; fileRef = 16B3F03D218D920600778B19 /* Assets.xcassets */; };
		16B3F041218D920600778B19 /* LaunchScreen.storyboard in Resources */ = {isa = PBXBuildFile; fileRef = 16B3F03F218D920600778B19 /* LaunchScreen.storyboard */; };
		16B3F04C218D920600778B19 /* test_tableview2Tests.swift in Sources */ = {isa = PBXBuildFile; fileRef = 16B3F04B218D920600778B19 /* test_tableview2Tests.swift */; };
		16B3F057218D920600778B19 /* test_tableview2UITests.swift in Sources */ = {isa = PBXBuildFile; fileRef = 16B3F056218D920600778B19 /* test_tableview2UITests.swift */; };
		16B3F065218D921400778B19 /* Fakedata.swift in Sources */ = {isa = PBXBuildFile; fileRef = 16B3F064218D921400778B19 /* Fakedata.swift */; };
		16B3F067218D933F00778B19 /* TableViewController.swift in Sources */ = {isa = PBXBuildFile; fileRef = 16B3F066218D933F00778B19 /* TableViewController.swift */; };
/* End PBXBuildFile section */

/* Begin PBXContainerItemProxy section */
		16B3F048218D920600778B19 /* PBXContainerItemProxy */ = {
			isa = PBXContainerItemProxy;
			containerPortal = 16B3F02B218D920500778B19 /* Project object */;
			proxyType = 1;
			remoteGlobalIDString = 16B3F032218D920500778B19;
			remoteInfo = test_tableview2;
		};
		16B3F053218D920600778B19 /* PBXContainerItemProxy */ = {
			isa = PBXContainerItemProxy;
			containerPortal = 16B3F02B218D920500778B19 /* Project object */;
			proxyType = 1;
			remoteGlobalIDString = 16B3F032218D920500778B19;
			remoteInfo = test_tableview2;
		};
/* End PBXContainerItemProxy section */

/* Begin PBXFileReference section */
		16B3F033218D920500778B19 /* test_tableview2.app */ = {isa = PBXFileReference; explicitFileType = wrapper.application; includeInIndex = 0; path = test_tableview2.app; sourceTree = BUILT_PRODUCTS_DIR; };
		16B3F036218D920500778B19 /* AppDelegate.swift */ = {isa = PBXFileReference; lastKnownFileType = sourcecode.swift; path = AppDelegate.swift; sourceTree = "<group>"; };
		16B3F038218D920500778B19 /* ViewController.swift */ = {isa = PBXFileReference; lastKnownFileType = sourcecode.swift; path = ViewController.swift; sourceTree = "<group>"; };
		16B3F03B218D920500778B19 /* Base */ = {isa = PBXFileReference; lastKnownFileType = file.storyboard; name = Base; path = Base.lproj/Main.storyboard; sourceTree = "<group>"; };
		16B3F03D218D920600778B19 /* Assets.xcassets */ = {isa = PBXFileReference; lastKnownFileType = folder.assetcatalog; path = Assets.xcassets; sourceTree = "<group>"; };
		16B3F040218D920600778B19 /* Base */ = {isa = PBXFileReference; lastKnownFileType = file.storyboard; name = Base; path = Base.lproj/LaunchScreen.storyboard; sourceTree = "<group>"; };
		16B3F042218D920600778B19 /* Info.plist */ = {isa = PBXFileReference; lastKnownFileType = text.plist.xml; path = Info.plist; sourceTree = "<group>"; };
		16B3F047218D920600778B19 /* test_tableview2Tests.xctest */ = {isa = PBXFileReference; explicitFileType = wrapper.cfbundle; includeInIndex = 0; path = test_tableview2Tests.xctest; sourceTree = BUILT_PRODUCTS_DIR; };
		16B3F04B218D920600778B19 /* test_tableview2Tests.swift */ = {isa = PBXFileReference; lastKnownFileType = sourcecode.swift; path = test_tableview2Tests.swift; sourceTree = "<group>"; };
		16B3F04D218D920600778B19 /* Info.plist */ = {isa = PBXFileReference; lastKnownFileType = text.plist.xml; path = Info.plist; sourceTree = "<group>"; };
		16B3F052218D920600778B19 /* test_tableview2UITests.xctest */ = {isa = PBXFileReference; explicitFileType = wrapper.cfbundle; includeInIndex = 0; path = test_tableview2UITests.xctest; sourceTree = BUILT_PRODUCTS_DIR; };
		16B3F056218D920600778B19 /* test_tableview2UITests.swift */ = {isa = PBXFileReference; lastKnownFileType = sourcecode.swift; path = test_tableview2UITests.swift; sourceTree = "<group>"; };
		16B3F058218D920600778B19 /* Info.plist */ = {isa = PBXFileReference; lastKnownFileType = text.plist.xml; path = Info.plist; sourceTree = "<group>"; };
		16B3F064218D921400778B19 /* Fakedata.swift */ = {isa = PBXFileReference; fileEncoding = 4; lastKnownFileType = sourcecode.swift; path = Fakedata.swift; sourceTree = "<group>"; };
		16B3F066218D933F00778B19 /* TableViewController.swift */ = {isa = PBXFileReference; lastKnownFileType = sourcecode.swift; path = TableViewController.swift; sourceTree = "<group>"; };
/* End PBXFileReference section */

/* Begin PBXFrameworksBuildPhase section */
		16B3F030218D920500778B19 /* Frameworks */ = {
			isa = PBXFrameworksBuildPhase;
			buildActionMask = 2147483647;
			files = (
			);
			runOnlyForDeploymentPostprocessing = 0;
		};
		16B3F044218D920600778B19 /* Frameworks */ = {
			isa = PBXFrameworksBuildPhase;
			buildActionMask = 2147483647;
			files = (
			);
			runOnlyForDeploymentPostprocessing = 0;
		};
		16B3F04F218D920600778B19 /* Frameworks */ = {
			isa = PBXFrameworksBuildPhase;
			buildActionMask = 2147483647;
			files = (
			);
			runOnlyForDeploymentPostprocessing = 0;
		};
/* End PBXFrameworksBuildPhase section */

/* Begin PBXGroup section */
		16B3F02A218D920500778B19 = {
			isa = PBXGroup;
			children = (
				16B3F035218D920500778B19 /* test_tableview2 */,
				16B3F04A218D920600778B19 /* test_tableview2Tests */,
				16B3F055218D920600778B19 /* test_tableview2UITests */,
				16B3F034218D920500778B19 /* Products */,
			);
			sourceTree = "<group>";
		};
		16B3F034218D920500778B19 /* Products */ = {
			isa = PBXGroup;
			children = (
				16B3F033218D920500778B19 /* test_tableview2.app */,
				16B3F047218D920600778B19 /* test_tableview2Tests.xctest */,
				16B3F052218D920600778B19 /* test_tableview2UITests.xctest */,
			);
			name = Products;
			sourceTree = "<group>";
		};
		16B3F035218D920500778B19 /* test_tableview2 */ = {
			isa = PBXGroup;
			children = (
				16B3F036218D920500778B19 /* AppDelegate.swift */,
				16B3F038218D920500778B19 /* ViewController.swift */,
				16B3F03A218D920500778B19 /* Main.storyboard */,
				16B3F064218D921400778B19 /* Fakedata.swift */,
				16B3F03D218D920600778B19 /* Assets.xcassets */,
				16B3F03F218D920600778B19 /* LaunchScreen.storyboard */,
				16B3F042218D920600778B19 /* Info.plist */,
				16B3F066218D933F00778B19 /* TableViewController.swift */,
			);
			path = test_tableview2;
			sourceTree = "<group>";
		};
		16B3F04A218D920600778B19 /* test_tableview2Tests */ = {
			isa = PBXGroup;
			children = (
				16B3F04B218D920600778B19 /* test_tableview2Tests.swift */,
				16B3F04D218D920600778B19 /* Info.plist */,
			);
			path = test_tableview2Tests;
			sourceTree = "<group>";
		};
		16B3F055218D920600778B19 /* test_tableview2UITests */ = {
			isa = PBXGroup;
			children = (
				16B3F056218D920600778B19 /* test_tableview2UITests.swift */,
				16B3F058218D920600778B19 /* Info.plist */,
			);
			path = test_tableview2UITests;
			sourceTree = "<group>";
		};
/* End PBXGroup section */

/* Begin PBXNativeTarget section */
		16B3F032218D920500778B19 /* test_tableview2 */ = {
			isa = PBXNativeTarget;
			buildConfigurationList = 16B3F05B218D920600778B19 /* Build configuration list for PBXNativeTarget "test_tableview2" */;
			buildPhases = (
				16B3F02F218D920500778B19 /* Sources */,
				16B3F030218D920500778B19 /* Frameworks */,
				16B3F031218D920500778B19 /* Resources */,
			);
			buildRules = (
			);
			dependencies = (
			);
			name = test_tableview2;
			productName = test_tableview2;
			productReference = 16B3F033218D920500778B19 /* test_tableview2.app */;
			productType = "com.apple.product-type.application";
		};
		16B3F046218D920600778B19 /* test_tableview2Tests */ = {
			isa = PBXNativeTarget;
			buildConfigurationList = 16B3F05E218D920600778B19 /* Build configuration list for PBXNativeTarget "test_tableview2Tests" */;
			buildPhases = (
				16B3F043218D920600778B19 /* Sources */,
				16B3F044218D920600778B19 /* Frameworks */,
				16B3F045218D920600778B19 /* Resources */,
			);
			buildRules = (
			);
			dependencies = (
				16B3F049218D920600778B19 /* PBXTargetDependency */,
			);
			name = test_tableview2Tests;
			productName = test_tableview2Tests;
			productReference = 16B3F047218D920600778B19 /* test_tableview2Tests.xctest */;
			productType = "com.apple.product-type.bundle.unit-test";
		};
		16B3F051218D920600778B19 /* test_tableview2UITests */ = {
			isa = PBXNativeTarget;
			buildConfigurationList = 16B3F061218D920600778B19 /* Build configuration list for PBXNativeTarget "test_tableview2UITests" */;
			buildPhases = (
				16B3F04E218D920600778B19 /* Sources */,
				16B3F04F218D920600778B19 /* Frameworks */,
				16B3F050218D920600778B19 /* Resources */,
			);
			buildRules = (
			);
			dependencies = (
				16B3F054218D920600778B19 /* PBXTargetDependency */,
			);
			name = test_tableview2UITests;
			productName = test_tableview2UITests;
			productReference = 16B3F052218D920600778B19 /* test_tableview2UITests.xctest */;
			productType = "com.apple.product-type.bundle.ui-testing";
		};
/* End PBXNativeTarget section */

/* Begin PBXProject section */
		16B3F02B218D920500778B19 /* Project object */ = {
			isa = PBXProject;
			attributes = {
				LastSwiftUpdateCheck = 1000;
				LastUpgradeCheck = 1000;
				ORGANIZATIONNAME = Inoob_Spagocci;
				TargetAttributes = {
					16B3F032218D920500778B19 = {
						CreatedOnToolsVersion = 10.0;
					};
					16B3F046218D920600778B19 = {
						CreatedOnToolsVersion = 10.0;
						TestTargetID = 16B3F032218D920500778B19;
					};
					16B3F051218D920600778B19 = {
						CreatedOnToolsVersion = 10.0;
						TestTargetID = 16B3F032218D920500778B19;
					};
				};
			};
			buildConfigurationList = 16B3F02E218D920500778B19 /* Build configuration list for PBXProject "test_tableview2" */;
			compatibilityVersion = "Xcode 9.3";
			developmentRegion = en;
			hasScannedForEncodings = 0;
			knownRegions = (
				en,
				Base,
			);
			mainGroup = 16B3F02A218D920500778B19;
			productRefGroup = 16B3F034218D920500778B19 /* Products */;
			projectDirPath = "";
			projectRoot = "";
			targets = (
				16B3F032218D920500778B19 /* test_tableview2 */,
				16B3F046218D920600778B19 /* test_tableview2Tests */,
				16B3F051218D920600778B19 /* test_tableview2UITests */,
			);
		};
/* End PBXProject section */

/* Begin PBXResourcesBuildPhase section */
		16B3F031218D920500778B19 /* Resources */ = {
			isa = PBXResourcesBuildPhase;
			buildActionMask = 2147483647;
			files = (
				16B3F041218D920600778B19 /* LaunchScreen.storyboard in Resources */,
				16B3F03E218D920600778B19 /* Assets.xcassets in Resources */,
				16B3F03C218D920500778B19 /* Main.storyboard in Resources */,
			);
			runOnlyForDeploymentPostprocessing = 0;
		};
		16B3F045218D920600778B19 /* Resources */ = {
			isa = PBXResourcesBuildPhase;
			buildActionMask = 2147483647;
			files = (
			);
			runOnlyForDeploymentPostprocessing = 0;
		};
		16B3F050218D920600778B19 /* Resources */ = {
			isa = PBXResourcesBuildPhase;
			buildActionMask = 2147483647;
			files = (
			);
			runOnlyForDeploymentPostprocessing = 0;
		};
/* End PBXResourcesBuildPhase section */

/* Begin PBXSourcesBuildPhase section */
		16B3F02F218D920500778B19 /* Sources */ = {
			isa = PBXSourcesBuildPhase;
			buildActionMask = 2147483647;
			files = (
				16B3F039218D920500778B19 /* ViewController.swift in Sources */,
				16B3F037218D920500778B19 /* AppDelegate.swift in Sources */,
				16B3F065218D921400778B19 /* Fakedata.swift in Sources */,
				16B3F067218D933F00778B19 /* TableViewController.swift in Sources */,
			);
			runOnlyForDeploymentPostprocessing = 0;
		};
		16B3F043218D920600778B19 /* Sources */ = {
			isa = PBXSourcesBuildPhase;
			buildActionMask = 2147483647;
			files = (
				16B3F04C218D920600778B19 /* test_tableview2Tests.swift in Sources */,
			);
			runOnlyForDeploymentPostprocessing = 0;
		};
		16B3F04E218D920600778B19 /* Sources */ = {
			isa = PBXSourcesBuildPhase;
			buildActionMask = 2147483647;
			files = (
				16B3F057218D920600778B19 /* test_tableview2UITests.swift in Sources */,
			);
			runOnlyForDeploymentPostprocessing = 0;
		};
/* End PBXSourcesBuildPhase section */

/* Begin PBXTargetDependency section */
		16B3F049218D920600778B19 /* PBXTargetDependency */ = {
			isa = PBXTargetDependency;
			target = 16B3F032218D920500778B19 /* test_tableview2 */;
			targetProxy = 16B3F048218D920600778B19 /* PBXContainerItemProxy */;
		};
		16B3F054218D920600778B19 /* PBXTargetDependency */ = {
			isa = PBXTargetDependency;
			target = 16B3F032218D920500778B19 /* test_tableview2 */;
			targetProxy = 16B3F053218D920600778B19 /* PBXContainerItemProxy */;
		};
/* End PBXTargetDependency section */

/* Begin PBXVariantGroup section */
		16B3F03A218D920500778B19 /* Main.storyboard */ = {
			isa = PBXVariantGroup;
			children = (
				16B3F03B218D920500778B19 /* Base */,
			);
			name = Main.storyboard;
			sourceTree = "<group>";
		};
		16B3F03F218D920600778B19 /* LaunchScreen.storyboard */ = {
			isa = PBXVariantGroup;
			children = (
				16B3F040218D920600778B19 /* Base */,
			);
			name = LaunchScreen.storyboard;
			sourceTree = "<group>";
		};
/* End PBXVariantGroup section */

/* Begin XCBuildConfiguration section */
		16B3F059218D920600778B19 /* Debug */ = {
			isa = XCBuildConfiguration;
			buildSettings = {
				ALWAYS_SEARCH_USER_PATHS = NO;
				CLANG_ANALYZER_NONNULL = YES;
				CLANG_ANALYZER_NUMBER_OBJECT_CONVERSION = YES_AGGRESSIVE;
				CLANG_CXX_LANGUAGE_STANDARD = "gnu++14";
				CLANG_CXX_LIBRARY = "libc++";
				CLANG_ENABLE_MODULES = YES;
				CLANG_ENABLE_OBJC_ARC = YES;
				CLANG_ENABLE_OBJC_WEAK = YES;
				CLANG_WARN_BLOCK_CAPTURE_AUTORELEASING = YES;
				CLANG_WARN_BOOL_CONVERSION = YES;
				CLANG_WARN_COMMA = YES;
				CLANG_WARN_CONSTANT_CONVERSION = YES;
				CLANG_WARN_DEPRECATED_OBJC_IMPLEMENTATIONS = YES;
				CLANG_WARN_DIRECT_OBJC_ISA_USAGE = YES_ERROR;
				CLANG_WARN_DOCUMENTATION_COMMENTS = YES;
				CLANG_WARN_EMPTY_BODY = YES;
				CLANG_WARN_ENUM_CONVERSION = YES;
				CLANG_WARN_INFINITE_RECURSION = YES;
				CLANG_WARN_INT_CONVERSION = YES;
				CLANG_WARN_NON_LITERAL_NULL_CONVERSION = YES;
				CLANG_WARN_OBJC_IMPLICIT_RETAIN_SELF = YES;
				CLANG_WARN_OBJC_LITERAL_CONVERSION = YES;
				CLANG_WARN_OBJC_ROOT_CLASS = YES_ERROR;
				CLANG_WARN_RANGE_LOOP_ANALYSIS = YES;
				CLANG_WARN_STRICT_PROTOTYPES = YES;
				CLANG_WARN_SUSPICIOUS_MOVE = YES;
				CLANG_WARN_UNGUARDED_AVAILABILITY = YES_AGGRESSIVE;
				CLANG_WARN_UNREACHABLE_CODE = YES;
				CLANG_WARN__DUPLICATE_METHOD_MATCH = YES;
				CODE_SIGN_IDENTITY = "iPhone Developer";
				COPY_PHASE_STRIP = NO;
				DEBUG_INFORMATION_FORMAT = dwarf;
				ENABLE_STRICT_OBJC_MSGSEND = YES;
				ENABLE_TESTABILITY = YES;
				GCC_C_LANGUAGE_STANDARD = gnu11;
				GCC_DYNAMIC_NO_PIC = NO;
				GCC_NO_COMMON_BLOCKS = YES;
				GCC_OPTIMIZATION_LEVEL = 0;
				GCC_PREPROCESSOR_DEFINITIONS = (
					"DEBUG=1",
					"$(inherited)",
				);
				GCC_WARN_64_TO_32_BIT_CONVERSION = YES;
				GCC_WARN_ABOUT_RETURN_TYPE = YES_ERROR;
				GCC_WARN_UNDECLARED_SELECTOR = YES;
				GCC_WARN_UNINITIALIZED_AUTOS = YES_AGGRESSIVE;
				GCC_WARN_UNUSED_FUNCTION = YES;
				GCC_WARN_UNUSED_VARIABLE = YES;
				IPHONEOS_DEPLOYMENT_TARGET = 12.0;
				MTL_ENABLE_DEBUG_INFO = INCLUDE_SOURCE;
				MTL_FAST_MATH = YES;
				ONLY_ACTIVE_ARCH = YES;
				SDKROOT = iphoneos;
				SWIFT_ACTIVE_COMPILATION_CONDITIONS = DEBUG;
				SWIFT_OPTIMIZATION_LEVEL = "-Onone";
			};
			name = Debug;
		};
		16B3F05A218D920600778B19 /* Release */ = {
			isa = XCBuildConfiguration;
			buildSettings = {
				ALWAYS_SEARCH_USER_PATHS = NO;
				CLANG_ANALYZER_NONNULL = YES;
				CLANG_ANALYZER_NUMBER_OBJECT_CONVERSION = YES_AGGRESSIVE;
				CLANG_CXX_LANGUAGE_STANDARD = "gnu++14";
				CLANG_CXX_LIBRARY = "libc++";
				CLANG_ENABLE_MODULES = YES;
				CLANG_ENABLE_OBJC_ARC = YES;
				CLANG_ENABLE_OBJC_WEAK = YES;
				CLANG_WARN_BLOCK_CAPTURE_AUTORELEASING = YES;
				CLANG_WARN_BOOL_CONVERSION = YES;
				CLANG_WARN_COMMA = YES;
				CLANG_WARN_CONSTANT_CONVERSION = YES;
				CLANG_WARN_DEPRECATED_OBJC_IMPLEMENTATIONS = YES;
				CLANG_WARN_DIRECT_OBJC_ISA_USAGE = YES_ERROR;
				CLANG_WARN_DOCUMENTATION_COMMENTS = YES;
				CLANG_WARN_EMPTY_BODY = YES;
				CLANG_WARN_ENUM_CONVERSION = YES;
				CLANG_WARN_INFINITE_RECURSION = YES;
				CLANG_WARN_INT_CONVERSION = YES;
				CLANG_WARN_NON_LITERAL_NULL_CONVERSION = YES;
				CLANG_WARN_OBJC_IMPLICIT_RETAIN_SELF = YES;
				CLANG_WARN_OBJC_LITERAL_CONVERSION = YES;
				CLANG_WARN_OBJC_ROOT_CLASS = YES_ERROR;
				CLANG_WARN_RANGE_LOOP_ANALYSIS = YES;
				CLANG_WARN_STRICT_PROTOTYPES = YES;
				CLANG_WARN_SUSPICIOUS_MOVE = YES;
				CLANG_WARN_UNGUARDED_AVAILABILITY = YES_AGGRESSIVE;
				CLANG_WARN_UNREACHABLE_CODE = YES;
				CLANG_WARN__DUPLICATE_METHOD_MATCH = YES;
				CODE_SIGN_IDENTITY = "iPhone Developer";
				COPY_PHASE_STRIP = NO;
				DEBUG_INFORMATION_FORMAT = "dwarf-with-dsym";
				ENABLE_NS_ASSERTIONS = NO;
				ENABLE_STRICT_OBJC_MSGSEND = YES;
				GCC_C_LANGUAGE_STANDARD = gnu11;
				GCC_NO_COMMON_BLOCKS = YES;
				GCC_WARN_64_TO_32_BIT_CONVERSION = YES;
				GCC_WARN_ABOUT_RETURN_TYPE = YES_ERROR;
				GCC_WARN_UNDECLARED_SELECTOR = YES;
				GCC_WARN_UNINITIALIZED_AUTOS = YES_AGGRESSIVE;
				GCC_WARN_UNUSED_FUNCTION = YES;
				GCC_WARN_UNUSED_VARIABLE = YES;
				IPHONEOS_DEPLOYMENT_TARGET = 12.0;
				MTL_ENABLE_DEBUG_INFO = NO;
				MTL_FAST_MATH = YES;
				SDKROOT = iphoneos;
				SWIFT_COMPILATION_MODE = wholemodule;
				SWIFT_OPTIMIZATION_LEVEL = "-O";
				VALIDATE_PRODUCT = YES;
			};
			name = Release;
		};
		16B3F05C218D920600778B19 /* Debug */ = {
			isa = XCBuildConfiguration;
			buildSettings = {
				ASSETCATALOG_COMPILER_APPICON_NAME = AppIcon;
				CODE_SIGN_STYLE = Automatic;
				DEVELOPMENT_TEAM = Z8UMGTJBM5;
				INFOPLIST_FILE = test_tableview2/Info.plist;
				LD_RUNPATH_SEARCH_PATHS = (
					"$(inherited)",
					"@executable_path/Frameworks",
				);
				PRODUCT_BUNDLE_IDENTIFIER = "Inoob.test-tableview2";
				PRODUCT_NAME = "$(TARGET_NAME)";
				SWIFT_VERSION = 4.2;
				TARGETED_DEVICE_FAMILY = "1,2";
			};
			name = Debug;
		};
		16B3F05D218D920600778B19 /* Release */ = {
			isa = XCBuildConfiguration;
			buildSettings = {
				ASSETCATALOG_COMPILER_APPICON_NAME = AppIcon;
				CODE_SIGN_STYLE = Automatic;
				DEVELOPMENT_TEAM = Z8UMGTJBM5;
				INFOPLIST_FILE = test_tableview2/Info.plist;
				LD_RUNPATH_SEARCH_PATHS = (
					"$(inherited)",
					"@executable_path/Frameworks",
				);
				PRODUCT_BUNDLE_IDENTIFIER = "Inoob.test-tableview2";
				PRODUCT_NAME = "$(TARGET_NAME)";
				SWIFT_VERSION = 4.2;
				TARGETED_DEVICE_FAMILY = "1,2";
			};
			name = Release;
		};
		16B3F05F218D920600778B19 /* Debug */ = {
			isa = XCBuildConfiguration;
			buildSettings = {
				ALWAYS_EMBED_SWIFT_STANDARD_LIBRARIES = YES;
				BUNDLE_LOADER = "$(TEST_HOST)";
				CODE_SIGN_STYLE = Automatic;
				DEVELOPMENT_TEAM = Z8UMGTJBM5;
				INFOPLIST_FILE = test_tableview2Tests/Info.plist;
				LD_RUNPATH_SEARCH_PATHS = (
					"$(inherited)",
					"@executable_path/Frameworks",
					"@loader_path/Frameworks",
				);
				PRODUCT_BUNDLE_IDENTIFIER = "Inoob.test-tableview2Tests";
				PRODUCT_NAME = "$(TARGET_NAME)";
				SWIFT_VERSION = 4.2;
				TARGETED_DEVICE_FAMILY = "1,2";
				TEST_HOST = "$(BUILT_PRODUCTS_DIR)/test_tableview2.app/test_tableview2";
			};
			name = Debug;
		};
		16B3F060218D920600778B19 /* Release */ = {
			isa = XCBuildConfiguration;
			buildSettings = {
				ALWAYS_EMBED_SWIFT_STANDARD_LIBRARIES = YES;
				BUNDLE_LOADER = "$(TEST_HOST)";
				CODE_SIGN_STYLE = Automatic;
				DEVELOPMENT_TEAM = Z8UMGTJBM5;
				INFOPLIST_FILE = test_tableview2Tests/Info.plist;
				LD_RUNPATH_SEARCH_PATHS = (
					"$(inherited)",
					"@executable_path/Frameworks",
					"@loader_path/Frameworks",
				);
				PRODUCT_BUNDLE_IDENTIFIER = "Inoob.test-tableview2Tests";
				PRODUCT_NAME = "$(TARGET_NAME)";
				SWIFT_VERSION = 4.2;
				TARGETED_DEVICE_FAMILY = "1,2";
				TEST_HOST = "$(BUILT_PRODUCTS_DIR)/test_tableview2.app/test_tableview2";
			};
			name = Release;
		};
		16B3F062218D920600778B19 /* Debug */ = {
			isa = XCBuildConfiguration;
			buildSettings = {
				ALWAYS_EMBED_SWIFT_STANDARD_LIBRARIES = YES;
				CODE_SIGN_STYLE = Automatic;
				DEVELOPMENT_TEAM = Z8UMGTJBM5;
				INFOPLIST_FILE = test_tableview2UITests/Info.plist;
				LD_RUNPATH_SEARCH_PATHS = (
					"$(inherited)",
					"@executable_path/Frameworks",
					"@loader_path/Frameworks",
				);
				PRODUCT_BUNDLE_IDENTIFIER = "Inoob.test-tableview2UITests";
				PRODUCT_NAME = "$(TARGET_NAME)";
				SWIFT_VERSION = 4.2;
				TARGETED_DEVICE_FAMILY = "1,2";
				TEST_TARGET_NAME = test_tableview2;
			};
			name = Debug;
		};
		16B3F063218D920600778B19 /* Release */ = {
			isa = XCBuildConfiguration;
			buildSettings = {
				ALWAYS_EMBED_SWIFT_STANDARD_LIBRARIES = YES;
				CODE_SIGN_STYLE = Automatic;
				DEVELOPMENT_TEAM = Z8UMGTJBM5;
				INFOPLIST_FILE = test_tableview2UITests/Info.plist;
				LD_RUNPATH_SEARCH_PATHS = (
					"$(inherited)",
					"@executable_path/Frameworks",
					"@loader_path/Frameworks",
				);
				PRODUCT_BUNDLE_IDENTIFIER = "Inoob.test-tableview2UITests";
				PRODUCT_NAME = "$(TARGET_NAME)";
				SWIFT_VERSION = 4.2;
				TARGETED_DEVICE_FAMILY = "1,2";
				TEST_TARGET_NAME = test_tableview2;
			};
			name = Release;
		};
/* End XCBuildConfiguration section */

/* Begin XCConfigurationList section */
		16B3F02E218D920500778B19 /* Build configuration list for PBXProject "test_tableview2" */ = {
			isa = XCConfigurationList;
			buildConfigurations = (
				16B3F059218D920600778B19 /* Debug */,
				16B3F05A218D920600778B19 /* Release */,
			);
			defaultConfigurationIsVisible = 0;
			defaultConfigurationName = Release;
		};
		16B3F05B218D920600778B19 /* Build configuration list for PBXNativeTarget "test_tableview2" */ = {
			isa = XCConfigurationList;
			buildConfigurations = (
				16B3F05C218D920600778B19 /* Debug */,
				16B3F05D218D920600778B19 /* Release */,
			);
			defaultConfigurationIsVisible = 0;
			defaultConfigurationName = Release;
		};
		16B3F05E218D920600778B19 /* Build configuration list for PBXNativeTarget "test_tableview2Tests" */ = {
			isa = XCConfigurationList;
			buildConfigurations = (
				16B3F05F218D920600778B19 /* Debug */,
				16B3F060218D920600778B19 /* Release */,
			);
			defaultConfigurationIsVisible = 0;
			defaultConfigurationName = Release;
		};
		16B3F061218D920600778B19 /* Build configuration list for PBXNativeTarget "test_tableview2UITests" */ = {
			isa = XCConfigurationList;
			buildConfigurations = (
				16B3F062218D920600778B19 /* Debug */,
				16B3F063218D920600778B19 /* Release */,
			);
			defaultConfigurationIsVisible = 0;
			defaultConfigurationName = Release;
		};
/* End XCConfigurationList section */
	};
	rootObject = 16B3F02B218D920500778B19 /* Project object */;
}
